
Microsoft Visual Studio Solution File, Format Version 12.00
# Visual Studio Version 17
VisualStudioVersion = 17.4.33122.133
MinimumVisualStudioVersion = 10.0.40219.1
Project("{FAE04EC0-301F-11D3-BF4B-00C04F79EFBC}") = "Ghak.libraries.AppBase", "Ghak.libraries.AppBase\Ghak.libraries.AppBase.csproj", "{FC5AD5AD-2BC9-4323-BDB5-17852042ADE5}"
EndProject
Global
	GlobalSection(SolutionConfigurationPlatforms) = preSolution
		Debug|Any CPU = Debug|Any CPU
		Release|Any CPU = Release|Any CPU
	EndGlobalSection
	GlobalSection(ProjectConfigurationPlatforms) = postSolution
		{FC5AD5AD-2BC9-4323-BDB5-17852042ADE5}.Debug|Any CPU.ActiveCfg = Debug|Any CPU
		{FC5AD5AD-2BC9-4323-BDB5-17852042ADE5}.Debug|Any CPU.Build.0 = Debug|Any CPU
		{FC5AD5AD-2BC9-4323-BDB5-17852042ADE5}.Release|Any CPU.ActiveCfg = Release|Any CPU
		{FC5AD5AD-2BC9-4323-BDB5-17852042ADE5}.Release|Any CPU.Build.0 = Release|Any CPU
	EndGlobalSection
	GlobalSection(SolutionProperties) = preSolution
		HideSolutionNode = FALSE
	EndGlobalSection
	GlobalSection(ExtensibilityGlobals) = postSolution
		SolutionGuid = {4788E074-C582-4700-B9BC-AD6B49ED5FB6}
	EndGlobalSection
EndGlobal
